{
  "sources": {
    "apt": {
      "locked_version": "2.3.0"
    },
    "git": {
      "locked_version": "2.7.0"
    },
    "nginx": {
      "locked_version": "2.0.4"
    },
    "mysql": {
      "locked_version": "3.0.4"
    },
    "tomato": {
      "path": "./cookbooks/tomato"
    },
    "dmg": {
      "locked_version": "2.0.2"
    },
    "build-essential": {
      "locked_version": "1.4.2"
    },
    "yum": {
      "locked_version": "2.4.4"
    },
    "windows": {
      "locked_version": "1.11.0"
    },
    "chef_handler": {
      "locked_version": "1.1.4"
    },
    "runit": {
      "locked_version": "1.4.0"
    },
    "bluepill": {
      "locked_version": "2.3.0"
    },
    "rsyslog": {
      "locked_version": "1.8.0"
    },
    "ohai": {
      "locked_version": "1.1.12"
    },
    "openssl": {
      "locked_version": "1.1.0"
    }
  }
}
